
Microsoft Visual Studio Solution File, Format Version 12.00
# Visual Studio Version 17
VisualStudioVersion = 17.11.35219.272
MinimumVisualStudioVersion = 10.0.40219.1
Project("{FAE04EC0-301F-11D3-BF4B-00C04F79EFBC}") = "Orchid", "Orchid\Orchid.csproj", "{9850AA54-3E92-4865-94B5-D8D79143430D}"
EndProject
Global
	GlobalSection(SolutionConfigurationPlatforms) = preSolution
		Debug|Any CPU = Debug|Any CPU
		Release|Any CPU = Release|Any CPU
	EndGlobalSection
	GlobalSection(ProjectConfigurationPlatforms) = postSolution
		{9850AA54-3E92-4865-94B5-D8D79143430D}.Debug|Any CPU.ActiveCfg = Debug|Any CPU
		{9850AA54-3E92-4865-94B5-D8D79143430D}.Debug|Any CPU.Build.0 = Debug|Any CPU
		{9850AA54-3E92-4865-94B5-D8D79143430D}.Debug|Any CPU.Deploy.0 = Debug|Any CPU
		{9850AA54-3E92-4865-94B5-D8D79143430D}.Release|Any CPU.ActiveCfg = Release|Any CPU
		{9850AA54-3E92-4865-94B5-D8D79143430D}.Release|Any CPU.Build.0 = Release|Any CPU
		{9850AA54-3E92-4865-94B5-D8D79143430D}.Release|Any CPU.Deploy.0 = Release|Any CPU
	EndGlobalSection
	GlobalSection(SolutionProperties) = preSolution
		HideSolutionNode = FALSE
	EndGlobalSection
	GlobalSection(ExtensibilityGlobals) = postSolution
		SolutionGuid = {4B598ED0-3794-42B7-B211-FC3451098F02}
	EndGlobalSection
EndGlobal
